
Microsoft Visual Studio Solution File, Format Version 12.00
# Visual Studio Version 17
VisualStudioVersion = 17.9.34714.143
MinimumVisualStudioVersion = 10.0.40219.1
Project("{FAE04EC0-301F-11D3-BF4B-00C04F79EFBC}") = "ARWABANISHAMSAH_FMS", "ARWABANISHAMSAH_FMS.csproj", "{28B97027-8BFC-47B8-8265-5576B17D05FE}"
EndProject
Global
	GlobalSection(SolutionConfigurationPlatforms) = preSolution
		Debug|Any CPU = Debug|Any CPU
		Release|Any CPU = Release|Any CPU
	EndGlobalSection
	GlobalSection(ProjectConfigurationPlatforms) = postSolution
		{28B97027-8BFC-47B8-8265-5576B17D05FE}.Debug|Any CPU.ActiveCfg = Debug|Any CPU
		{28B97027-8BFC-47B8-8265-5576B17D05FE}.Debug|Any CPU.Build.0 = Debug|Any CPU
		{28B97027-8BFC-47B8-8265-5576B17D05FE}.Release|Any CPU.ActiveCfg = Release|Any CPU
		{28B97027-8BFC-47B8-8265-5576B17D05FE}.Release|Any CPU.Build.0 = Release|Any CPU
	EndGlobalSection
	GlobalSection(SolutionProperties) = preSolution
		HideSolutionNode = FALSE
	EndGlobalSection
	GlobalSection(ExtensibilityGlobals) = postSolution
		SolutionGuid = {7E734CEE-484B-4F22-AE72-6E5A5A9C1566}
	EndGlobalSection
EndGlobal
